
Microsoft Visual Studio Solution File, Format Version 12.00
# Visual Studio 15
VisualStudioVersion = 15.0.26724.1
MinimumVisualStudioVersion = 10.0.40219.1
Project("{9A19103F-16F7-4668-BE54-9A1E7A4F7556}") = "scbwi", "scbwi\scbwi.csproj", "{CEBECF5C-37B6-4743-B936-5D83C56F23AB}"
EndProject
Project("{2150E333-8FDC-42A3-9474-1A3956D46DE8}") = "config", "config", "{DCAD299C-8088-45C7-A93C-37033D885182}"
	ProjectSection(SolutionItems) = preProject
		.editorconfig = .editorconfig
	EndProjectSection
EndProject
Global
	GlobalSection(SolutionConfigurationPlatforms) = preSolution
		Debug|Any CPU = Debug|Any CPU
		Release|Any CPU = Release|Any CPU
	EndGlobalSection
	GlobalSection(ProjectConfigurationPlatforms) = postSolution
		{CEBECF5C-37B6-4743-B936-5D83C56F23AB}.Debug|Any CPU.ActiveCfg = Debug|Any CPU
		{CEBECF5C-37B6-4743-B936-5D83C56F23AB}.Debug|Any CPU.Build.0 = Debug|Any CPU
		{CEBECF5C-37B6-4743-B936-5D83C56F23AB}.Release|Any CPU.ActiveCfg = Release|Any CPU
		{CEBECF5C-37B6-4743-B936-5D83C56F23AB}.Release|Any CPU.Build.0 = Release|Any CPU
	EndGlobalSection
	GlobalSection(SolutionProperties) = preSolution
		HideSolutionNode = FALSE
	EndGlobalSection
	GlobalSection(ExtensibilityGlobals) = postSolution
		SolutionGuid = {01C5E93C-40B9-4E86-8C86-8BA951CE9164}
	EndGlobalSection
EndGlobal
